// !$*UTF8*$!
{
	archiveVersion = 1;
	classes = {
	};
	objectVersion = 46;
	objects = {

/* Begin PBXBuildFile section */
		182DE6781E0B9F0E000C24D2 /* AppDelegate.swift in Sources */ = {isa = PBXBuildFile; fileRef = 182DE6771E0B9F0E000C24D2 /* AppDelegate.swift */; };
		182DE67A1E0B9F0E000C24D2 /* ViewController.swift in Sources */ = {isa = PBXBuildFile; fileRef = 182DE6791E0B9F0E000C24D2 /* ViewController.swift */; };
		182DE67D1E0B9F0E000C24D2 /* Main.storyboard in Resources */ = {isa = PBXBuildFile; fileRef = 182DE67B1E0B9F0E000C24D2 /* Main.storyboard */; };
		182DE67F1E0B9F0E000C24D2 /* Assets.xcassets in Resources */ = {isa = PBXBuildFile; fileRef = 182DE67E1E0B9F0E000C24D2 /* Assets.xcassets */; };
		182DE6821E0B9F0E000C24D2 /* LaunchScreen.storyboard in Resources */ = {isa = PBXBuildFile; fileRef = 182DE6801E0B9F0E000C24D2 /* LaunchScreen.storyboard */; };
/* End PBXBuildFile section */

/* Begin PBXFileReference section */
		182DE6741E0B9F0E000C24D2 /* Nutrition.app */ = {isa = PBXFileReference; explicitFileType = wrapper.application; includeInIndex = 0; path = Nutrition.app; sourceTree = BUILT_PRODUCTS_DIR; };
		182DE6771E0B9F0E000C24D2 /* AppDelegate.swift */ = {isa = PBXFileReference; lastKnownFileType = sourcecode.swift; path = AppDelegate.swift; sourceTree = "<group>"; };
		182DE6791E0B9F0E000C24D2 /* ViewController.swift */ = {isa = PBXFileReference; lastKnownFileType = sourcecode.swift; path = ViewController.swift; sourceTree = "<group>"; };
		182DE67C1E0B9F0E000C24D2 /* Base */ = {isa = PBXFileReference; lastKnownFileType = file.storyboard; name = Base; path = Base.lproj/Main.storyboard; sourceTree = "<group>"; };
		182DE67E1E0B9F0E000C24D2 /* Assets.xcassets */ = {isa = PBXFileReference; lastKnownFileType = folder.assetcatalog; path = Assets.xcassets; sourceTree = "<group>"; };
		182DE6811E0B9F0E000C24D2 /* Base */ = {isa = PBXFileReference; lastKnownFileType = file.storyboard; name = Base; path = Base.lproj/LaunchScreen.storyboard; sourceTree = "<group>"; };
		182DE6831E0B9F0E000C24D2 /* Info.plist */ = {isa = PBXFileReference; lastKnownFileType = text.plist.xml; path = Info.plist; sourceTree = "<group>"; };
/* End PBXFileReference section */

/* Begin PBXFrameworksBuildPhase section */
		182DE6711E0B9F0E000C24D2 /* Frameworks */ = {
			isa = PBXFrameworksBuildPhase;
			buildActionMask = 2147483647;
			files = (
			);
			runOnlyForDeploymentPostprocessing = 0;
		};
/* End PBXFrameworksBuildPhase section */

/* Begin PBXGroup section */
		182DE66B1E0B9F0E000C24D2 = {
			isa = PBXGroup;
			children = (
				182DE6761E0B9F0E000C24D2 /* Nutrition */,
				182DE6751E0B9F0E000C24D2 /* Products */,
			);
			sourceTree = "<group>";
		};
		182DE6751E0B9F0E000C24D2 /* Products */ = {
			isa = PBXGroup;
			children = (
				182DE6741E0B9F0E000C24D2 /* Nutrition.app */,
			);
			name = Products;
			sourceTree = "<group>";
		};
		182DE6761E0B9F0E000C24D2 /* Nutrition */ = {
			isa = PBXGroup;
			children = (
				182DE6771E0B9F0E000C24D2 /* AppDelegate.swift */,
				182DE6791E0B9F0E000C24D2 /* ViewController.swift */,
				182DE67B1E0B9F0E000C24D2 /* Main.storyboard */,
				182DE67E1E0B9F0E000C24D2 /* Assets.xcassets */,
				182DE6801E0B9F0E000C24D2 /* LaunchScreen.storyboard */,
				182DE6831E0B9F0E000C24D2 /* Info.plist */,
			);
			path = Nutrition;
			sourceTree = "<group>";
		};
/* End PBXGroup section */

/* Begin PBXNativeTarget section */
		182DE6731E0B9F0E000C24D2 /* Nutrition */ = {
			isa = PBXNativeTarget;
			buildConfigurationList = 182DE6861E0B9F0E000C24D2 /* Build configuration list for PBXNativeTarget "Nutrition" */;
			buildPhases = (
				182DE6701E0B9F0E000C24D2 /* Sources */,
				182DE6711E0B9F0E000C24D2 /* Frameworks */,
				182DE6721E0B9F0E000C24D2 /* Resources */,
			);
			buildRules = (
			);
			dependencies = (
			);
			name = Nutrition;
			productName = Nutrition;
			productReference = 182DE6741E0B9F0E000C24D2 /* Nutrition.app */;
			productType = "com.apple.product-type.application";
		};
/* End PBXNativeTarget section */

/* Begin PBXProject section */
		182DE66C1E0B9F0E000C24D2 /* Project object */ = {
			isa = PBXProject;
			attributes = {
				LastSwiftUpdateCheck = 0800;
				LastUpgradeCheck = 0800;
				ORGANIZATIONNAME = garg;
				TargetAttributes = {
					182DE6731E0B9F0E000C24D2 = {
						CreatedOnToolsVersion = 8.0;
						DevelopmentTeam = P4D3655X78;
						ProvisioningStyle = Automatic;
					};
				};
			};
			buildConfigurationList = 182DE66F1E0B9F0E000C24D2 /* Build configuration list for PBXProject "Nutrition" */;
			compatibilityVersion = "Xcode 3.2";
			developmentRegion = English;
			hasScannedForEncodings = 0;
			knownRegions = (
				en,
				Base,
			);
			mainGroup = 182DE66B1E0B9F0E000C24D2;
			productRefGroup = 182DE6751E0B9F0E000C24D2 /* Products */;
			projectDirPath = "";
			projectRoot = "";
			targets = (
				182DE6731E0B9F0E000C24D2 /* Nutrition */,
			);
		};
/* End PBXProject section */

/* Begin PBXResourcesBuildPhase section */
		182DE6721E0B9F0E000C24D2 /* Resources */ = {
			isa = PBXResourcesBuildPhase;
			buildActionMask = 2147483647;
			files = (
				182DE6821E0B9F0E000C24D2 /* LaunchScreen.storyboard in Resources */,
				182DE67F1E0B9F0E000C24D2 /* Assets.xcassets in Resources */,
				182DE67D1E0B9F0E000C24D2 /* Main.storyboard in Resources */,
			);
			runOnlyForDeploymentPostprocessing = 0;
		};
/* End PBXResourcesBuildPhase section */

/* Begin PBXSourcesBuildPhase section */
		182DE6701E0B9F0E000C24D2 /* Sources */ = {
			isa = PBXSourcesBuildPhase;
			buildActionMask = 2147483647;
			files = (
				182DE67A1E0B9F0E000C24D2 /* ViewController.swift in Sources */,
				182DE6781E0B9F0E000C24D2 /* AppDelegate.swift in Sources */,
			);
			runOnlyForDeploymentPostprocessing = 0;
		};
/* End PBXSourcesBuildPhase section */

/* Begin PBXVariantGroup section */
		182DE67B1E0B9F0E000C24D2 /* Main.storyboard */ = {
			isa = PBXVariantGroup;
			children = (
				182DE67C1E0B9F0E000C24D2 /* Base */,
			);
			name = Main.storyboard;
			sourceTree = "<group>";
		};
		182DE6801E0B9F0E000C24D2 /* LaunchScreen.storyboard */ = {
			isa = PBXVariantGroup;
			children = (
				182DE6811E0B9F0E000C24D2 /* Base */,
			);
			name = LaunchScreen.storyboard;
			sourceTree = "<group>";
		};
/* End PBXVariantGroup section */

/* Begin XCBuildConfiguration section */
		182DE6841E0B9F0E000C24D2 /* Debug */ = {
			isa = XCBuildConfiguration;
			buildSettings = {
				ALWAYS_SEARCH_USER_PATHS = NO;
				CLANG_ANALYZER_NONNULL = YES;
				CLANG_CXX_LANGUAGE_STANDARD = "gnu++0x";
				CLANG_CXX_LIBRARY = "libc++";
				CLANG_ENABLE_MODULES = YES;
				CLANG_ENABLE_OBJC_ARC = YES;
				CLANG_WARN_BOOL_CONVERSION = YES;
				CLANG_WARN_CONSTANT_CONVERSION = YES;
				CLANG_WARN_DIRECT_OBJC_ISA_USAGE = YES_ERROR;
				CLANG_WARN_DOCUMENTATION_COMMENTS = YES;
				CLANG_WARN_EMPTY_BODY = YES;
				CLANG_WARN_ENUM_CONVERSION = YES;
				CLANG_WARN_INFINITE_RECURSION = YES;
				CLANG_WARN_INT_CONVERSION = YES;
				CLANG_WARN_OBJC_ROOT_CLASS = YES_ERROR;
				CLANG_WARN_SUSPICIOUS_MOVES = YES;
				CLANG_WARN_UNREACHABLE_CODE = YES;
				CLANG_WARN__DUPLICATE_METHOD_MATCH = YES;
				"CODE_SIGN_IDENTITY[sdk=iphoneos*]" = "iPhone Developer";
				COPY_PHASE_STRIP = NO;
				DEBUG_INFORMATION_FORMAT = dwarf;
				ENABLE_STRICT_OBJC_MSGSEND = YES;
				ENABLE_TESTABILITY = YES;
				GCC_C_LANGUAGE_STANDARD = gnu99;
				GCC_DYNAMIC_NO_PIC = NO;
				GCC_NO_COMMON_BLOCKS = YES;
				GCC_OPTIMIZATION_LEVEL = 0;
				GCC_PREPROCESSOR_DEFINITIONS = (
					"DEBUG=1",
					"$(inherited)",
				);
				GCC_WARN_64_TO_32_BIT_CONVERSION = YES;
				GCC_WARN_ABOUT_RETURN_TYPE = YES_ERROR;
				GCC_WARN_UNDECLARED_SELECTOR = YES;
				GCC_WARN_UNINITIALIZED_AUTOS = YES_AGGRESSIVE;
				GCC_WARN_UNUSED_FUNCTION = YES;
				GCC_WARN_UNUSED_VARIABLE = YES;
				IPHONEOS_DEPLOYMENT_TARGET = 10.0;
				MTL_ENABLE_DEBUG_INFO = YES;
				ONLY_ACTIVE_ARCH = YES;
				SDKROOT = iphoneos;
				SWIFT_ACTIVE_COMPILATION_CONDITIONS = DEBUG;
				SWIFT_OPTIMIZATION_LEVEL = "-Onone";
				TARGETED_DEVICE_FAMILY = "1,2";
			};
			name = Debug;
		};
		182DE6851E0B9F0E000C24D2 /* Release */ = {
			isa = XCBuildConfiguration;
			buildSettings = {
				ALWAYS_SEARCH_USER_PATHS = NO;
				CLANG_ANALYZER_NONNULL = YES;
				CLANG_CXX_LANGUAGE_STANDARD = "gnu++0x";
				CLANG_CXX_LIBRARY = "libc++";
				CLANG_ENABLE_MODULES = YES;
				CLANG_ENABLE_OBJC_ARC = YES;
				CLANG_WARN_BOOL_CONVERSION = YES;
				CLANG_WARN_CONSTANT_CONVERSION = YES;
				CLANG_WARN_DIRECT_OBJC_ISA_USAGE = YES_ERROR;
				CLANG_WARN_DOCUMENTATION_COMMENTS = YES;
				CLANG_WARN_EMPTY_BODY = YES;
				CLANG_WARN_ENUM_CONVERSION = YES;
				CLANG_WARN_INFINITE_RECURSION = YES;
				CLANG_WARN_INT_CONVERSION = YES;
				CLANG_WARN_OBJC_ROOT_CLASS = YES_ERROR;
				CLANG_WARN_SUSPICIOUS_MOVES = YES;
				CLANG_WARN_UNREACHABLE_CODE = YES;
				CLANG_WARN__DUPLICATE_METHOD_MATCH = YES;
				"CODE_SIGN_IDENTITY[sdk=iphoneos*]" = "iPhone Developer";
				COPY_PHASE_STRIP = NO;
				DEBUG_INFORMATION_FORMAT = "dwarf-with-dsym";
				ENABLE_NS_ASSERTIONS = NO;
				ENABLE_STRICT_OBJC_MSGSEND = YES;
				GCC_C_LANGUAGE_STANDARD = gnu99;
				GCC_NO_COMMON_BLOCKS = YES;
				GCC_WARN_64_TO_32_BIT_CONVERSION = YES;
				GCC_WARN_ABOUT_RETURN_TYPE = YES_ERROR;
				GCC_WARN_UNDECLARED_SELECTOR = YES;
				GCC_WARN_UNINITIALIZED_AUTOS = YES_AGGRESSIVE;
				GCC_WARN_UNUSED_FUNCTION = YES;
				GCC_WARN_UNUSED_VARIABLE = YES;
				IPHONEOS_DEPLOYMENT_TARGET = 10.0;
				MTL_ENABLE_DEBUG_INFO = NO;
				SDKROOT = iphoneos;
				SWIFT_OPTIMIZATION_LEVEL = "-Owholemodule";
				TARGETED_DEVICE_FAMILY = "1,2";
				VALIDATE_PRODUCT = YES;
			};
			name = Release;
		};
		182DE6871E0B9F0E000C24D2 /* Debug */ = {
			isa = XCBuildConfiguration;
			buildSettings = {
				ASSETCATALOG_COMPILER_APPICON_NAME = AppIcon;
				DEVELOPMENT_TEAM = P4D3655X78;
				INFOPLIST_FILE = Nutrition/Info.plist;
				LD_RUNPATH_SEARCH_PATHS = "$(inherited) @executable_path/Frameworks";
				PRODUCT_BUNDLE_IDENTIFIER = com.garg.Nutrition;
				PRODUCT_NAME = "$(TARGET_NAME)";
				SWIFT_VERSION = 3.0;
			};
			name = Debug;
		};
		182DE6881E0B9F0E000C24D2 /* Release */ = {
			isa = XCBuildConfiguration;
			buildSettings = {
				ASSETCATALOG_COMPILER_APPICON_NAME = AppIcon;
				DEVELOPMENT_TEAM = P4D3655X78;
				INFOPLIST_FILE = Nutrition/Info.plist;
				LD_RUNPATH_SEARCH_PATHS = "$(inherited) @executable_path/Frameworks";
				PRODUCT_BUNDLE_IDENTIFIER = com.garg.Nutrition;
				PRODUCT_NAME = "$(TARGET_NAME)";
				SWIFT_VERSION = 3.0;
			};
			name = Release;
		};
/* End XCBuildConfiguration section */

/* Begin XCConfigurationList section */
		182DE66F1E0B9F0E000C24D2 /* Build configuration list for PBXProject "Nutrition" */ = {
			isa = XCConfigurationList;
			buildConfigurations = (
				182DE6841E0B9F0E000C24D2 /* Debug */,
				182DE6851E0B9F0E000C24D2 /* Release */,
			);
			defaultConfigurationIsVisible = 0;
			defaultConfigurationName = Release;
		};
		182DE6861E0B9F0E000C24D2 /* Build configuration list for PBXNativeTarget "Nutrition" */ = {
			isa = XCConfigurationList;
			buildConfigurations = (
				182DE6871E0B9F0E000C24D2 /* Debug */,
				182DE6881E0B9F0E000C24D2 /* Release */,
			);
			defaultConfigurationIsVisible = 0;
		};
/* End XCConfigurationList section */
	};
	rootObject = 182DE66C1E0B9F0E000C24D2 /* Project object */;
}
